
Microsoft Visual Studio Solution File, Format Version 12.00
# Visual Studio Version 16
VisualStudioVersion = 16.0.33027.164
MinimumVisualStudioVersion = 10.0.40219.1
Project("{8BC9CEB8-8B4A-11D0-8D11-00A0C91BC942}") = "Guess the Number Game - 6", "Guess the Number Game - 6\Guess the Number Game - 6.vcxproj", "{B6E61E5F-6B90-47BC-BE50-5A1FB5A4DDFB}"
EndProject
Global
	GlobalSection(SolutionConfigurationPlatforms) = preSolution
		Debug|x64 = Debug|x64
		Debug|x86 = Debug|x86
		Release|x64 = Release|x64
		Release|x86 = Release|x86
	EndGlobalSection
	GlobalSection(ProjectConfigurationPlatforms) = postSolution
		{B6E61E5F-6B90-47BC-BE50-5A1FB5A4DDFB}.Debug|x64.ActiveCfg = Debug|x64
		{B6E61E5F-6B90-47BC-BE50-5A1FB5A4DDFB}.Debug|x64.Build.0 = Debug|x64
		{B6E61E5F-6B90-47BC-BE50-5A1FB5A4DDFB}.Debug|x86.ActiveCfg = Debug|Win32
		{B6E61E5F-6B90-47BC-BE50-5A1FB5A4DDFB}.Debug|x86.Build.0 = Debug|Win32
		{B6E61E5F-6B90-47BC-BE50-5A1FB5A4DDFB}.Release|x64.ActiveCfg = Release|x64
		{B6E61E5F-6B90-47BC-BE50-5A1FB5A4DDFB}.Release|x64.Build.0 = Release|x64
		{B6E61E5F-6B90-47BC-BE50-5A1FB5A4DDFB}.Release|x86.ActiveCfg = Release|Win32
		{B6E61E5F-6B90-47BC-BE50-5A1FB5A4DDFB}.Release|x86.Build.0 = Release|Win32
	EndGlobalSection
	GlobalSection(SolutionProperties) = preSolution
		HideSolutionNode = FALSE
	EndGlobalSection
	GlobalSection(ExtensibilityGlobals) = postSolution
		SolutionGuid = {7D1B3210-7C57-49A7-BB80-D701863B5482}
	EndGlobalSection
EndGlobal
